
Microsoft Visual Studio Solution File, Format Version 12.00
# Visual Studio Version 17
VisualStudioVersion = 17.2.32526.322
MinimumVisualStudioVersion = 10.0.40219.1
Project("{FAE04EC0-301F-11D3-BF4B-00C04F79EFBC}") = "Floricultura.API", "Floricultura.API\Floricultura.API.csproj", "{DB40C044-91C8-497B-9C63-1418B83205FD}"
EndProject
Global
	GlobalSection(SolutionConfigurationPlatforms) = preSolution
		Debug|Any CPU = Debug|Any CPU
		Release|Any CPU = Release|Any CPU
	EndGlobalSection
	GlobalSection(ProjectConfigurationPlatforms) = postSolution
		{DB40C044-91C8-497B-9C63-1418B83205FD}.Debug|Any CPU.ActiveCfg = Debug|Any CPU
		{DB40C044-91C8-497B-9C63-1418B83205FD}.Debug|Any CPU.Build.0 = Debug|Any CPU
		{DB40C044-91C8-497B-9C63-1418B83205FD}.Release|Any CPU.ActiveCfg = Release|Any CPU
		{DB40C044-91C8-497B-9C63-1418B83205FD}.Release|Any CPU.Build.0 = Release|Any CPU
	EndGlobalSection
	GlobalSection(SolutionProperties) = preSolution
		HideSolutionNode = FALSE
	EndGlobalSection
	GlobalSection(ExtensibilityGlobals) = postSolution
		SolutionGuid = {B804DD51-8B1E-4A85-93AF-FD9ACF4425D4}
	EndGlobalSection
EndGlobal
