
Microsoft Visual Studio Solution File, Format Version 12.00
# Visual Studio Version 17
VisualStudioVersion = 17.2.32526.322
MinimumVisualStudioVersion = 10.0.40219.1
Project("{FAE04EC0-301F-11D3-BF4B-00C04F79EFBC}") = "Floricultura.API", "Floricultura\Floricultura.API.csproj", "{8E82CA07-356D-4075-A3C9-F24F904CF435}"
EndProject
Project("{FAE04EC0-301F-11D3-BF4B-00C04F79EFBC}") = "Floricultura.Data", "Floricultura.Data\Floricultura.Data.csproj", "{7E699021-014C-4A29-9B43-6EAD638ADABA}"
EndProject
Project("{FAE04EC0-301F-11D3-BF4B-00C04F79EFBC}") = "Floricultura.Domain", "Floricultura.Domain\Floricultura.Domain.csproj", "{4554B03E-D1DA-4066-B14C-9E8F78BD3C16}"
EndProject
Project("{FAE04EC0-301F-11D3-BF4B-00C04F79EFBC}") = "Floricultura.Services", "Floricultura.Services\Floricultura.Services.csproj", "{6D42F64A-EA68-4162-ACA8-81F800EDF8ED}"
EndProject
Global
	GlobalSection(SolutionConfigurationPlatforms) = preSolution
		Debug|Any CPU = Debug|Any CPU
		Release|Any CPU = Release|Any CPU
	EndGlobalSection
	GlobalSection(ProjectConfigurationPlatforms) = postSolution
		{8E82CA07-356D-4075-A3C9-F24F904CF435}.Debug|Any CPU.ActiveCfg = Debug|Any CPU
		{8E82CA07-356D-4075-A3C9-F24F904CF435}.Debug|Any CPU.Build.0 = Debug|Any CPU
		{8E82CA07-356D-4075-A3C9-F24F904CF435}.Release|Any CPU.ActiveCfg = Release|Any CPU
		{8E82CA07-356D-4075-A3C9-F24F904CF435}.Release|Any CPU.Build.0 = Release|Any CPU
		{7E699021-014C-4A29-9B43-6EAD638ADABA}.Debug|Any CPU.ActiveCfg = Debug|Any CPU
		{7E699021-014C-4A29-9B43-6EAD638ADABA}.Debug|Any CPU.Build.0 = Debug|Any CPU
		{7E699021-014C-4A29-9B43-6EAD638ADABA}.Release|Any CPU.ActiveCfg = Release|Any CPU
		{7E699021-014C-4A29-9B43-6EAD638ADABA}.Release|Any CPU.Build.0 = Release|Any CPU
		{4554B03E-D1DA-4066-B14C-9E8F78BD3C16}.Debug|Any CPU.ActiveCfg = Debug|Any CPU
		{4554B03E-D1DA-4066-B14C-9E8F78BD3C16}.Debug|Any CPU.Build.0 = Debug|Any CPU
		{4554B03E-D1DA-4066-B14C-9E8F78BD3C16}.Release|Any CPU.ActiveCfg = Release|Any CPU
		{4554B03E-D1DA-4066-B14C-9E8F78BD3C16}.Release|Any CPU.Build.0 = Release|Any CPU
		{6D42F64A-EA68-4162-ACA8-81F800EDF8ED}.Debug|Any CPU.ActiveCfg = Debug|Any CPU
		{6D42F64A-EA68-4162-ACA8-81F800EDF8ED}.Debug|Any CPU.Build.0 = Debug|Any CPU
		{6D42F64A-EA68-4162-ACA8-81F800EDF8ED}.Release|Any CPU.ActiveCfg = Release|Any CPU
		{6D42F64A-EA68-4162-ACA8-81F800EDF8ED}.Release|Any CPU.Build.0 = Release|Any CPU
	EndGlobalSection
	GlobalSection(SolutionProperties) = preSolution
		HideSolutionNode = FALSE
	EndGlobalSection
	GlobalSection(ExtensibilityGlobals) = postSolution
		SolutionGuid = {BED16F99-F0CE-41F1-8D7A-54A5C3FAB2BD}
	EndGlobalSection
EndGlobal
